{
  "nodes": {
    "agents": {
      "locked": {
        "path": "../../agents",
        "type": "path"
      },
      "original": {
        "path": "../../agents",
        "type": "path"
      },
      "parent": []
    },
    "base16-schemes": {
      "flake": false,
      "locked": {
        "lastModified": 1696158499,
        "narHash": "sha256-5yIHgDTPjoX/3oDEfLSQ0eJZdFL1SaCfb9d6M0RmOTM=",
        "owner": "tinted-theming",
        "repo": "base16-schemes",
        "rev": "a9112eaae86d9dd8ee6bb9445b664fba2f94037a",
        "type": "github"
      },
      "original": {
        "owner": "tinted-theming",
        "repo": "base16-schemes",
        "type": "github"
      }
    },
    "fish": {
      "inputs": {
        "nixpkgs": "nixpkgs_2"
      },
      "locked": {
        "path": "../fish",
        "type": "path"
      },
      "original": {
        "path": "../fish",
        "type": "path"
      },
      "parent": [
        "terminal-stack"
      ]
    },
    "git": {
      "locked": {
        "path": "../git",
        "type": "path"
      },
      "original": {
        "path": "../git",
        "type": "path"
      },
      "parent": [
        "terminal-stack"
      ]
    },
    "gpg": {
      "locked": {
        "path": "../gpg",
        "type": "path"
      },
      "original": {
        "path": "../gpg",
        "type": "path"
      },
      "parent": [
        "terminal-stack"
      ]
    },
    "helix": {
      "locked": {
        "path": "../helix",
        "type": "path"
      },
      "original": {
        "path": "../helix",
        "type": "path"
      },
      "parent": [
        "terminal-stack"
      ]
    },
    "home-manager": {
      "inputs": {
        "nixpkgs": [
          "nixpkgs"
        ]
      },
      "locked": {
        "lastModified": 1786031233,
        "narHash": "sha256-TIDlLTLI1/pB7IqgjzcKQjpODQsZE2oII4XGG9B6KjI=",
        "owner": "nix-community",
        "repo": "home-manager",
        "rev": "7834e82588860aaf780cec1366524456a70898d7",
        "type": "github"
      },
      "original": {
        "owner": "nix-community",
        "repo": "home-manager",
        "type": "github"
      }
    },
    "kubectl": {
      "locked": {
        "path": "../kubectl",
        "type": "path"
      },
      "original": {
        "path": "../kubectl",
        "type": "path"
      },
      "parent": [
        "terminal-stack"
      ]
    },
    "nix-colors": {
      "inputs": {
        "base16-schemes": "base16-schemes",
        "nixpkgs-lib": "nixpkgs-lib"
      },
      "locked": {
        "lastModified": 1707825078,
        "narHash": "sha256-hTfge2J2W+42SZ7VHXkf4kjU+qzFqPeC9k66jAUBMHk=",
        "owner": "misterio77",
        "repo": "nix-colors",
        "rev": "b01f024090d2c4fc3152cd0cf12027a7b8453ba1",
        "type": "github"
      },
      "original": {
        "owner": "misterio77",
        "repo": "nix-colors",
        "type": "github"
      }
    },
    "nixpkgs": {
      "locked": {
        "lastModified": 1785967620,
        "narHash": "sha256-IItrdb7Puk05RqOBWZYFC5X6Wl1sJmCfh5MWVHw5iMM=",
        "owner": "NixOS",
        "repo": "nixpkgs",
        "rev": "b7c2ada94fe99c15b0dbcf4d11fd7850b957a436",
        "type": "github"
      },
      "original": {
        "owner": "NixOS",
        "ref": "nixos-unstable",
        "repo": "nixpkgs",
        "type": "github"
      }
    },
    "nixpkgs-lib": {
      "locked": {
        "lastModified": 1697935651,
        "narHash": "sha256-qOfWjQ2JQSQL15KLh6D7xQhx0qgZlYZTYlcEiRuAMMw=",
        "owner": "nix-community",
        "repo": "nixpkgs.lib",
        "rev": "e1e11fdbb01113d85c7f41cada9d2847660e3902",
        "type": "github"
      },
      "original": {
        "owner": "nix-community",
        "repo": "nixpkgs.lib",
        "type": "github"
      }
    },
    "nixpkgs_2": {
      "locked": {
        "lastModified": 1785747939,
        "narHash": "sha256-NqaCaIITVSDaBYdcWcfCyEu1erL7paTPEQbISQp9xwQ=",
        "rev": "104240a772428cc2e20d8fd86c9ddbb886bbaff2",
        "type": "tarball",
        "url": "https://releases.nixos.org/nixpkgs/nixpkgs-26.11pre1046984.104240a77242/nixexprs.tar.xz"
      },
      "original": {
        "id": "nixpkgs",
        "type": "indirect"
      }
    },
    "root": {
      "inputs": {
        "agents": "agents",
        "home-manager": "home-manager",
        "nixpkgs": "nixpkgs",
        "terminal-stack": "terminal-stack",
        "theme": "theme"
      }
    },
    "ssh": {
      "locked": {
        "path": "../ssh",
        "type": "path"
      },
      "original": {
        "path": "../ssh",
        "type": "path"
      },
      "parent": [
        "terminal-stack"
      ]
    },
    "terminal-stack": {
      "inputs": {
        "fish": "fish",
        "git": "git",
        "gpg": "gpg",
        "helix": "helix",
        "kubectl": "kubectl",
        "ssh": "ssh",
        "zellij": "zellij"
      },
      "locked": {
        "path": "../../terminal-stack",
        "type": "path"
      },
      "original": {
        "path": "../../terminal-stack",
        "type": "path"
      },
      "parent": []
    },
    "theme": {
      "locked": {
        "path": "../../themes/dark",
        "type": "path"
      },
      "original": {
        "path": "../../themes/dark",
        "type": "path"
      },
      "parent": []
    },
    "zellij": {
      "inputs": {
        "nix-colors": "nix-colors",
        "zjstatus": "zjstatus"
      },
      "locked": {
        "path": "../zellij",
        "type": "path"
      },
      "original": {
        "path": "../zellij",
        "type": "path"
      },
      "parent": [
        "terminal-stack"
      ]
    },
    "zjstatus": {
      "flake": false,
      "locked": {
        "narHash": "sha256-JSJE0phFuDMsjHtKIFum5EXUXho0L8F0JmFYprNJoyc=",
        "type": "file",
        "url": "https://github.com/dj95/zjstatus/releases/download/v0.21.0/zjstatus.wasm"
      },
      "original": {
        "type": "file",
        "url": "https://github.com/dj95/zjstatus/releases/download/v0.21.0/zjstatus.wasm"
      }
    }
  },
  "root": "root",
  "version": 7
}
