{
  "nodes": {
    "apps": {
      "inputs": {
        "nix-homebrew": "nix-homebrew",
        "wezterm": "wezterm",
        "zed": "zed"
      },
      "locked": {
        "path": "apps",
        "type": "path"
      },
      "original": {
        "path": "apps",
        "type": "path"
      },
      "parent": []
    },
    "brew-src": {
      "flake": false,
      "locked": {
        "lastModified": 1763638478,
        "narHash": "sha256-n/IMowE9S23ovmTkKX7KhxXC2Yq41EAVFR2FBIXPcT8=",
        "owner": "Homebrew",
        "repo": "brew",
        "rev": "fbfdbaba008189499958a7aeb1e2c36ab10c067d",
        "type": "github"
      },
      "original": {
        "owner": "Homebrew",
        "ref": "5.0.3",
        "repo": "brew",
        "type": "github"
      }
    },
    "dark-theme": {
      "locked": {
        "path": "../themes/dark",
        "type": "path"
      },
      "original": {
        "path": "../themes/dark",
        "type": "path"
      },
      "parent": [
        "terminal-stack"
      ]
    },
    "fish": {
      "inputs": {
        "nixpkgs": "nixpkgs_2"
      },
      "locked": {
        "path": "../fish",
        "type": "path"
      },
      "original": {
        "path": "../fish",
        "type": "path"
      },
      "parent": [
        "terminal-stack"
      ]
    },
    "git": {
      "locked": {
        "path": "../git",
        "type": "path"
      },
      "original": {
        "path": "../git",
        "type": "path"
      },
      "parent": [
        "terminal-stack"
      ]
    },
    "gpg": {
      "locked": {
        "path": "../gpg",
        "type": "path"
      },
      "original": {
        "path": "../gpg",
        "type": "path"
      },
      "parent": [
        "terminal-stack"
      ]
    },
    "helix": {
      "locked": {
        "path": "../helix",
        "type": "path"
      },
      "original": {
        "path": "../helix",
        "type": "path"
      },
      "parent": [
        "terminal-stack"
      ]
    },
    "home-manager": {
      "inputs": {
        "nixpkgs": [
          "nixpkgs"
        ]
      },
      "locked": {
        "lastModified": 1769015285,
        "narHash": "sha256-MlqzCJbckJsgwfkRs64H2xaX2Uxl4o6Z9XYfkYS1N/E=",
        "owner": "nix-community",
        "repo": "home-manager",
        "rev": "ec0247a7a19f641595c24ac1ea4df6461d1cdb36",
        "type": "github"
      },
      "original": {
        "owner": "nix-community",
        "repo": "home-manager",
        "type": "github"
      }
    },
    "mac": {
      "locked": {
        "path": "../../mac",
        "type": "path"
      },
      "original": {
        "path": "../../mac",
        "type": "path"
      },
      "parent": []
    },
    "nix-darwin": {
      "inputs": {
        "nixpkgs": [
          "nixpkgs"
        ]
      },
      "locked": {
        "lastModified": 1768764703,
        "narHash": "sha256-5ulSDyOG1U+1sJhkJHYsUOWEsmtLl97O0NTVMvgIVyc=",
        "owner": "LnL7",
        "repo": "nix-darwin",
        "rev": "0fc4e7ac670a0ed874abacf73c4b072a6a58064b",
        "type": "github"
      },
      "original": {
        "owner": "LnL7",
        "repo": "nix-darwin",
        "type": "github"
      }
    },
    "nix-homebrew": {
      "inputs": {
        "brew-src": "brew-src"
      },
      "locked": {
        "lastModified": 1764473698,
        "narHash": "sha256-C91gPgv6udN5WuIZWNehp8qdLqlrzX6iF/YyboOj6XI=",
        "owner": "zhaofengli-wip",
        "repo": "nix-homebrew",
        "rev": "6a8ab60bfd66154feeaa1021fc3b32684814a62a",
        "type": "github"
      },
      "original": {
        "owner": "zhaofengli-wip",
        "repo": "nix-homebrew",
        "type": "github"
      }
    },
    "nixpkgs": {
      "locked": {
        "lastModified": 1768886240,
        "narHash": "sha256-C2TjvwYZ2VDxYWeqvvJ5XPPp6U7H66zeJlRaErJKoEM=",
        "owner": "NixOS",
        "repo": "nixpkgs",
        "rev": "80e4adbcf8992d3fd27ad4964fbb84907f9478b0",
        "type": "github"
      },
      "original": {
        "owner": "NixOS",
        "ref": "nixos-unstable",
        "repo": "nixpkgs",
        "type": "github"
      }
    },
    "nixpkgs_2": {
      "locked": {
        "lastModified": 1768875095,
        "narHash": "sha256-dYP3DjiL7oIiiq3H65tGIXXIT1Waiadmv93JS0sS+8A=",
        "owner": "NixOS",
        "repo": "nixpkgs",
        "rev": "ed142ab1b3a092c4d149245d0c4126a5d7ea00b0",
        "type": "github"
      },
      "original": {
        "id": "nixpkgs",
        "type": "indirect"
      }
    },
    "root": {
      "inputs": {
        "apps": "apps",
        "home-manager": "home-manager",
        "mac": "mac",
        "nix-darwin": "nix-darwin",
        "nixpkgs": "nixpkgs",
        "terminal-stack": "terminal-stack"
      }
    },
    "ssh": {
      "locked": {
        "path": "../ssh",
        "type": "path"
      },
      "original": {
        "path": "../ssh",
        "type": "path"
      },
      "parent": [
        "terminal-stack"
      ]
    },
    "terminal-stack": {
      "inputs": {
        "dark-theme": "dark-theme",
        "fish": "fish",
        "git": "git",
        "gpg": "gpg",
        "helix": "helix",
        "ssh": "ssh",
        "zellij": "zellij"
      },
      "locked": {
        "path": "../../terminal-stack",
        "type": "path"
      },
      "original": {
        "path": "../../terminal-stack",
        "type": "path"
      },
      "parent": []
    },
    "wezterm": {
      "locked": {
        "path": "../../../wezterm",
        "type": "path"
      },
      "original": {
        "path": "../../../wezterm",
        "type": "path"
      },
      "parent": [
        "apps"
      ]
    },
    "zed": {
      "locked": {
        "path": "../../../zed",
        "type": "path"
      },
      "original": {
        "path": "../../../zed",
        "type": "path"
      },
      "parent": [
        "apps"
      ]
    },
    "zellij": {
      "inputs": {
        "zjstatus": "zjstatus"
      },
      "locked": {
        "path": "../zellij",
        "type": "path"
      },
      "original": {
        "path": "../zellij",
        "type": "path"
      },
      "parent": [
        "terminal-stack"
      ]
    },
    "zjstatus": {
      "flake": false,
      "locked": {
        "narHash": "sha256-JSJE0phFuDMsjHtKIFum5EXUXho0L8F0JmFYprNJoyc=",
        "type": "file",
        "url": "https://github.com/dj95/zjstatus/releases/download/v0.21.0/zjstatus.wasm"
      },
      "original": {
        "type": "file",
        "url": "https://github.com/dj95/zjstatus/releases/download/v0.21.0/zjstatus.wasm"
      }
    }
  },
  "root": "root",
  "version": 7
}
