{
  "nodes": {
    "agents": {
      "locked": {
        "path": "../../agents",
        "type": "path"
      },
      "original": {
        "path": "../../agents",
        "type": "path"
      },
      "parent": []
    },
    "apps": {
      "inputs": {
        "nix-homebrew": "nix-homebrew",
        "wezterm": "wezterm",
        "zed": "zed"
      },
      "locked": {
        "path": "apps",
        "type": "path"
      },
      "original": {
        "path": "apps",
        "type": "path"
      },
      "parent": []
    },
    "base16-schemes": {
      "flake": false,
      "locked": {
        "lastModified": 1696158499,
        "narHash": "sha256-5yIHgDTPjoX/3oDEfLSQ0eJZdFL1SaCfb9d6M0RmOTM=",
        "owner": "tinted-theming",
        "repo": "base16-schemes",
        "rev": "a9112eaae86d9dd8ee6bb9445b664fba2f94037a",
        "type": "github"
      },
      "original": {
        "owner": "tinted-theming",
        "repo": "base16-schemes",
        "type": "github"
      }
    },
    "brew-src": {
      "flake": false,
      "locked": {
        "lastModified": 1786945682,
        "narHash": "sha256-VBESSoJccikdhxh3vp3SQeG7cZXTOulMvVkoSqNDEhs=",
        "owner": "Homebrew",
        "repo": "brew",
        "rev": "5b90e281d4e0c8fbd6ca4d8358276fb305b8d0bd",
        "type": "github"
      },
      "original": {
        "owner": "Homebrew",
        "ref": "6.0.18",
        "repo": "brew",
        "type": "github"
      }
    },
    "claude-plugins": {
      "flake": false,
      "locked": {
        "lastModified": 1787925408,
        "narHash": "sha256-XKLkWHVllN1OVdXbOpugTjPyJBQONEbvnaZ+iDxfJiM=",
        "ref": "refs/heads/main",
        "rev": "cba3020b2df9ebb810aad3328f527a971f9cedae",
        "revCount": 53,
        "type": "git",
        "url": "ssh://git@github.com/TV4/claude-plugins"
      },
      "original": {
        "type": "git",
        "url": "ssh://git@github.com/TV4/claude-plugins"
      }
    },
    "fish": {
      "inputs": {
        "nixpkgs": "nixpkgs_2"
      },
      "locked": {
        "path": "../fish",
        "type": "path"
      },
      "original": {
        "path": "../fish",
        "type": "path"
      },
      "parent": [
        "terminal-stack"
      ]
    },
    "git": {
      "locked": {
        "path": "../git",
        "type": "path"
      },
      "original": {
        "path": "../git",
        "type": "path"
      },
      "parent": [
        "terminal-stack"
      ]
    },
    "gpg": {
      "locked": {
        "path": "../gpg",
        "type": "path"
      },
      "original": {
        "path": "../gpg",
        "type": "path"
      },
      "parent": [
        "terminal-stack"
      ]
    },
    "helix": {
      "locked": {
        "path": "../helix",
        "type": "path"
      },
      "original": {
        "path": "../helix",
        "type": "path"
      },
      "parent": [
        "terminal-stack"
      ]
    },
    "home-manager": {
      "inputs": {
        "nixpkgs": [
          "nixpkgs"
        ]
      },
      "locked": {
        "lastModified": 1788355065,
        "narHash": "sha256-gAz5oTI7ur34CfuakQduiQd/2ZhO62Bn2XXg08nZYYQ=",
        "owner": "nix-community",
        "repo": "home-manager",
        "rev": "d9d750e4fc11c10cab2da677bdd31e427f3a3a71",
        "type": "github"
      },
      "original": {
        "owner": "nix-community",
        "repo": "home-manager",
        "type": "github"
      }
    },
    "kubectl": {
      "locked": {
        "path": "../kubectl",
        "type": "path"
      },
      "original": {
        "path": "../kubectl",
        "type": "path"
      },
      "parent": [
        "terminal-stack"
      ]
    },
    "mac": {
      "locked": {
        "path": "../../mac",
        "type": "path"
      },
      "original": {
        "path": "../../mac",
        "type": "path"
      },
      "parent": []
    },
    "nix-colors": {
      "inputs": {
        "base16-schemes": "base16-schemes",
        "nixpkgs-lib": "nixpkgs-lib"
      },
      "locked": {
        "lastModified": 1707825078,
        "narHash": "sha256-hTfge2J2W+42SZ7VHXkf4kjU+qzFqPeC9k66jAUBMHk=",
        "owner": "misterio77",
        "repo": "nix-colors",
        "rev": "b01f024090d2c4fc3152cd0cf12027a7b8453ba1",
        "type": "github"
      },
      "original": {
        "owner": "misterio77",
        "repo": "nix-colors",
        "type": "github"
      }
    },
    "nix-darwin": {
      "inputs": {
        "nixpkgs": [
          "nixpkgs"
        ]
      },
      "locked": {
        "lastModified": 1786845137,
        "narHash": "sha256-oQFip+v0luP8NIxJzmiW4Wu8bILsbFWom5l0zonl8hQ=",
        "owner": "LnL7",
        "repo": "nix-darwin",
        "rev": "4cff07de74b50e64bdd68cd4e722ab5b6b35ee48",
        "type": "github"
      },
      "original": {
        "owner": "LnL7",
        "repo": "nix-darwin",
        "type": "github"
      }
    },
    "nix-homebrew": {
      "inputs": {
        "brew-src": "brew-src"
      },
      "locked": {
        "lastModified": 1787330919,
        "narHash": "sha256-LslMncqN7uOOH5S88WZtO/EVt2HwD8ltUnfyANk+mC0=",
        "owner": "zhaofengli-wip",
        "repo": "nix-homebrew",
        "rev": "b00218e4aec0e5bf07d61a0bb13f842faa582d7b",
        "type": "github"
      },
      "original": {
        "owner": "zhaofengli-wip",
        "repo": "nix-homebrew",
        "type": "github"
      }
    },
    "nixpkgs": {
      "locked": {
        "lastModified": 1788316716,
        "narHash": "sha256-bc7rSpXIdn9QWGNqfWcPZWOhEVF8NoeAZkWq0XWnf/k=",
        "owner": "NixOS",
        "repo": "nixpkgs",
        "rev": "3ed67ec0a4d3c7ab4ae1f04f8ee8df07bfa506a2",
        "type": "github"
      },
      "original": {
        "owner": "NixOS",
        "ref": "nixos-unstable",
        "repo": "nixpkgs",
        "type": "github"
      }
    },
    "nixpkgs-lib": {
      "locked": {
        "lastModified": 1697935651,
        "narHash": "sha256-qOfWjQ2JQSQL15KLh6D7xQhx0qgZlYZTYlcEiRuAMMw=",
        "owner": "nix-community",
        "repo": "nixpkgs.lib",
        "rev": "e1e11fdbb01113d85c7f41cada9d2847660e3902",
        "type": "github"
      },
      "original": {
        "owner": "nix-community",
        "repo": "nixpkgs.lib",
        "type": "github"
      }
    },
    "nixpkgs_2": {
      "locked": {
        "lastModified": 1788372231,
        "narHash": "sha256-4ua7nluyuvF5SVIa2nBTCTW9ZiuzYuSBZQk4EdwOWhI=",
        "rev": "9387b3fcc0c23c86661636da63faabad4235a0a6",
        "type": "tarball",
        "url": "https://releases.nixos.org/nixpkgs/nixpkgs-26.11pre1066425.9387b3fcc0c2/nixexprs.tar.xz"
      },
      "original": {
        "id": "nixpkgs",
        "type": "indirect"
      }
    },
    "root": {
      "inputs": {
        "agents": "agents",
        "apps": "apps",
        "home-manager": "home-manager",
        "mac": "mac",
        "nix-darwin": "nix-darwin",
        "nixpkgs": "nixpkgs",
        "skyr": "skyr",
        "terminal-stack": "terminal-stack",
        "theme": "theme",
        "tv4": "tv4"
      }
    },
    "skyr": {
      "inputs": {
        "skyr-agent-plugin": "skyr-agent-plugin",
        "tree-sitter-scl": "tree-sitter-scl",
        "tree-sitter-scle": "tree-sitter-scle"
      },
      "locked": {
        "path": "skyr",
        "type": "path"
      },
      "original": {
        "path": "skyr",
        "type": "path"
      },
      "parent": []
    },
    "skyr-agent-plugin": {
      "flake": false,
      "locked": {
        "lastModified": 1788359225,
        "narHash": "sha256-4GBYToiyNkmP6618plhJg+EAXLOsRZdKHHUW1GqFFkI=",
        "owner": "skyr-cloud",
        "repo": "agent-plugin",
        "rev": "961eb19efb929c51b656284cf13c1a8ac8b4fc06",
        "type": "github"
      },
      "original": {
        "owner": "skyr-cloud",
        "repo": "agent-plugin",
        "type": "github"
      }
    },
    "ssh": {
      "locked": {
        "path": "../ssh",
        "type": "path"
      },
      "original": {
        "path": "../ssh",
        "type": "path"
      },
      "parent": [
        "terminal-stack"
      ]
    },
    "terminal-stack": {
      "inputs": {
        "fish": "fish",
        "git": "git",
        "gpg": "gpg",
        "helix": "helix",
        "kubectl": "kubectl",
        "ssh": "ssh",
        "zellij": "zellij"
      },
      "locked": {
        "path": "../../terminal-stack",
        "type": "path"
      },
      "original": {
        "path": "../../terminal-stack",
        "type": "path"
      },
      "parent": []
    },
    "theme": {
      "locked": {
        "path": "../../themes/dark",
        "type": "path"
      },
      "original": {
        "path": "../../themes/dark",
        "type": "path"
      },
      "parent": []
    },
    "tree-sitter-scl": {
      "flake": false,
      "locked": {
        "lastModified": 1787676353,
        "narHash": "sha256-Eyj2J1WJ3HjRQzAlGZu0/LX78j5P7tW3ICx2Ns8/EPM=",
        "owner": "skyr-cloud",
        "repo": "tree-sitter-scl",
        "rev": "c1dfe6c1f4e08bb0fecff99adabd3d11b63ceb1f",
        "type": "github"
      },
      "original": {
        "owner": "skyr-cloud",
        "repo": "tree-sitter-scl",
        "type": "github"
      }
    },
    "tree-sitter-scle": {
      "flake": false,
      "locked": {
        "lastModified": 1787676353,
        "narHash": "sha256-h/cN78vtlicvE3tT/bLrMGM8ui7pyMPQ6Mjp2KcP0pI=",
        "owner": "skyr-cloud",
        "repo": "tree-sitter-scle",
        "rev": "6bdde561f5e49ccf6d296275c78788a5beed1120",
        "type": "github"
      },
      "original": {
        "owner": "skyr-cloud",
        "repo": "tree-sitter-scle",
        "type": "github"
      }
    },
    "tv4": {
      "inputs": {
        "claude-plugins": "claude-plugins",
        "tvm-cli": "tvm-cli"
      },
      "locked": {
        "path": "tv4",
        "type": "path"
      },
      "original": {
        "path": "tv4",
        "type": "path"
      },
      "parent": []
    },
    "tvm-cli": {
      "flake": false,
      "locked": {
        "lastModified": 1787568596,
        "narHash": "sha256-JtopCt7mO/Z9nVwYJZOOBurt0RHRBS1401NsKI7XpEE=",
        "ref": "refs/heads/main",
        "rev": "0dab837596e5ceff58568768b7378a80439ccb75",
        "revCount": 144,
        "type": "git",
        "url": "ssh://git@github.com/TV4/tvm-cli"
      },
      "original": {
        "type": "git",
        "url": "ssh://git@github.com/TV4/tvm-cli"
      }
    },
    "wezterm": {
      "locked": {
        "path": "../../../wezterm",
        "type": "path"
      },
      "original": {
        "path": "../../../wezterm",
        "type": "path"
      },
      "parent": [
        "apps"
      ]
    },
    "zed": {
      "locked": {
        "path": "../../../zed",
        "type": "path"
      },
      "original": {
        "path": "../../../zed",
        "type": "path"
      },
      "parent": [
        "apps"
      ]
    },
    "zellij": {
      "inputs": {
        "nix-colors": "nix-colors",
        "zjstatus": "zjstatus"
      },
      "locked": {
        "path": "../zellij",
        "type": "path"
      },
      "original": {
        "path": "../zellij",
        "type": "path"
      },
      "parent": [
        "terminal-stack"
      ]
    },
    "zjstatus": {
      "flake": false,
      "locked": {
        "narHash": "sha256-uwV5Ufo8wREBwFcTrkEVogLh7125Raii4NgbmOD13fg=",
        "type": "file",
        "url": "https://github.com/dj95/zjstatus/releases/download/v0.24.0/zjstatus.wasm"
      },
      "original": {
        "type": "file",
        "url": "https://github.com/dj95/zjstatus/releases/download/v0.24.0/zjstatus.wasm"
      }
    }
  },
  "root": "root",
  "version": 7
}
