{
  "nodes": {
    "apps": {
      "inputs": {
        "nix-homebrew": "nix-homebrew",
        "wezterm": "wezterm",
        "zed": "zed"
      },
      "locked": {
        "path": "apps",
        "type": "path"
      },
      "original": {
        "path": "apps",
        "type": "path"
      },
      "parent": []
    },
    "brew-src": {
      "flake": false,
      "locked": {
        "lastModified": 1761551821,
        "narHash": "sha256-N3Zj73TAxclhLGgADbPVwcVrhYIBKUgAxjfQuOXre6s=",
        "owner": "Homebrew",
        "repo": "brew",
        "rev": "8f6719274133c5bcc24c058c5a6bcbb3b0cd48b3",
        "type": "github"
      },
      "original": {
        "owner": "Homebrew",
        "ref": "4.6.19",
        "repo": "brew",
        "type": "github"
      }
    },
    "dark-theme": {
      "locked": {
        "path": "../themes/dark",
        "type": "path"
      },
      "original": {
        "path": "../themes/dark",
        "type": "path"
      },
      "parent": [
        "terminal-stack"
      ]
    },
    "fish": {
      "inputs": {
        "nixpkgs": "nixpkgs_2"
      },
      "locked": {
        "path": "../fish",
        "type": "path"
      },
      "original": {
        "path": "../fish",
        "type": "path"
      },
      "parent": [
        "terminal-stack"
      ]
    },
    "git": {
      "locked": {
        "path": "../git",
        "type": "path"
      },
      "original": {
        "path": "../git",
        "type": "path"
      },
      "parent": [
        "terminal-stack"
      ]
    },
    "gpg": {
      "locked": {
        "path": "../gpg",
        "type": "path"
      },
      "original": {
        "path": "../gpg",
        "type": "path"
      },
      "parent": [
        "terminal-stack"
      ]
    },
    "helix": {
      "locked": {
        "path": "../helix",
        "type": "path"
      },
      "original": {
        "path": "../helix",
        "type": "path"
      },
      "parent": [
        "terminal-stack"
      ]
    },
    "home-manager": {
      "inputs": {
        "nixpkgs": [
          "nixpkgs"
        ]
      },
      "locked": {
        "lastModified": 1764304195,
        "narHash": "sha256-bO7FN/bF6gG7TlZpKAZjO3VvfsLaPFkefeUfJJ7F/7w=",
        "owner": "nix-community",
        "repo": "home-manager",
        "rev": "86ff0ef506c209bb397849706e85cc3a913cb577",
        "type": "github"
      },
      "original": {
        "owner": "nix-community",
        "repo": "home-manager",
        "type": "github"
      }
    },
    "mac": {
      "locked": {
        "path": "../../mac",
        "type": "path"
      },
      "original": {
        "path": "../../mac",
        "type": "path"
      },
      "parent": []
    },
    "nix-darwin": {
      "inputs": {
        "nixpkgs": [
          "nixpkgs"
        ]
      },
      "locked": {
        "lastModified": 1764161084,
        "narHash": "sha256-HN84sByg9FhJnojkGGDSrcjcbeioFWoNXfuyYfJ1kBE=",
        "owner": "LnL7",
        "repo": "nix-darwin",
        "rev": "e95de00a471d07435e0527ff4db092c84998698e",
        "type": "github"
      },
      "original": {
        "owner": "LnL7",
        "repo": "nix-darwin",
        "type": "github"
      }
    },
    "nix-homebrew": {
      "inputs": {
        "brew-src": "brew-src"
      },
      "locked": {
        "lastModified": 1761927470,
        "narHash": "sha256-KsFDGRGD8j1R6TvJ4HkebKsh3HXLY0XazanLrhO3wqE=",
        "owner": "zhaofengli-wip",
        "repo": "nix-homebrew",
        "rev": "3cae36b3a17b09a66435291619dce8cf2c4728ca",
        "type": "github"
      },
      "original": {
        "owner": "zhaofengli-wip",
        "repo": "nix-homebrew",
        "type": "github"
      }
    },
    "nixpkgs": {
      "locked": {
        "lastModified": 1764242076,
        "narHash": "sha256-sKoIWfnijJ0+9e4wRvIgm/HgE27bzwQxcEmo2J/gNpI=",
        "owner": "NixOS",
        "repo": "nixpkgs",
        "rev": "2fad6eac6077f03fe109c4d4eb171cf96791faa4",
        "type": "github"
      },
      "original": {
        "owner": "NixOS",
        "ref": "nixos-unstable",
        "repo": "nixpkgs",
        "type": "github"
      }
    },
    "nixpkgs_2": {
      "locked": {
        "lastModified": 1764230294,
        "narHash": "sha256-Z63xl5Scj3Y/zRBPAWq1eT68n2wBWGCIEF4waZ0bQBE=",
        "owner": "NixOS",
        "repo": "nixpkgs",
        "rev": "0d59e0290eefe0f12512043842d7096c4070f30e",
        "type": "github"
      },
      "original": {
        "id": "nixpkgs",
        "type": "indirect"
      }
    },
    "root": {
      "inputs": {
        "apps": "apps",
        "home-manager": "home-manager",
        "mac": "mac",
        "nix-darwin": "nix-darwin",
        "nixpkgs": "nixpkgs",
        "terminal-stack": "terminal-stack"
      }
    },
    "ssh": {
      "locked": {
        "path": "../ssh",
        "type": "path"
      },
      "original": {
        "path": "../ssh",
        "type": "path"
      },
      "parent": [
        "terminal-stack"
      ]
    },
    "terminal-stack": {
      "inputs": {
        "dark-theme": "dark-theme",
        "fish": "fish",
        "git": "git",
        "gpg": "gpg",
        "helix": "helix",
        "ssh": "ssh",
        "zellij": "zellij"
      },
      "locked": {
        "path": "../../terminal-stack",
        "type": "path"
      },
      "original": {
        "path": "../../terminal-stack",
        "type": "path"
      },
      "parent": []
    },
    "wezterm": {
      "locked": {
        "path": "../../../wezterm",
        "type": "path"
      },
      "original": {
        "path": "../../../wezterm",
        "type": "path"
      },
      "parent": [
        "apps"
      ]
    },
    "zed": {
      "locked": {
        "path": "../../../zed",
        "type": "path"
      },
      "original": {
        "path": "../../../zed",
        "type": "path"
      },
      "parent": [
        "apps"
      ]
    },
    "zellij": {
      "inputs": {
        "zjstatus": "zjstatus"
      },
      "locked": {
        "path": "../zellij",
        "type": "path"
      },
      "original": {
        "path": "../zellij",
        "type": "path"
      },
      "parent": [
        "terminal-stack"
      ]
    },
    "zjstatus": {
      "flake": false,
      "locked": {
        "narHash": "sha256-JSJE0phFuDMsjHtKIFum5EXUXho0L8F0JmFYprNJoyc=",
        "type": "file",
        "url": "https://github.com/dj95/zjstatus/releases/download/v0.21.0/zjstatus.wasm"
      },
      "original": {
        "type": "file",
        "url": "https://github.com/dj95/zjstatus/releases/download/v0.21.0/zjstatus.wasm"
      }
    }
  },
  "root": "root",
  "version": 7
}
